// !$*UTF8*$!
{
	archiveVersion = 1;
	classes = {
	};
	objectVersion = 55;
	objects = {

/* Begin PBXBuildFile section */
		EEEF90732846B07E00DCB9E5 /* netflixApp.swift in Sources */ = {isa = PBXBuildFile; fileRef = EEEF90722846B07E00DCB9E5 /* netflixApp.swift */; };
		EEEF90752846B07E00DCB9E5 /* ContentView.swift in Sources */ = {isa = PBXBuildFile; fileRef = EEEF90742846B07E00DCB9E5 /* ContentView.swift */; };
		EEEF90772846B08000DCB9E5 /* Assets.xcassets in Resources */ = {isa = PBXBuildFile; fileRef = EEEF90762846B08000DCB9E5 /* Assets.xcassets */; };
		EEEF907A2846B08000DCB9E5 /* Preview Assets.xcassets in Resources */ = {isa = PBXBuildFile; fileRef = EEEF90792846B08000DCB9E5 /* Preview Assets.xcassets */; };
		EEEF90812846B2D500DCB9E5 /* HomeView.swift in Sources */ = {isa = PBXBuildFile; fileRef = EEEF90802846B2D500DCB9E5 /* HomeView.swift */; };
		EEEF90842846B3CA00DCB9E5 /* Kingfisher in Frameworks */ = {isa = PBXBuildFile; productRef = EEEF90832846B3CA00DCB9E5 /* Kingfisher */; };
		EEEF90862846B4ED00DCB9E5 /* Movie.swift in Sources */ = {isa = PBXBuildFile; fileRef = EEEF90852846B4ED00DCB9E5 /* Movie.swift */; };
		EEEF90882846B53B00DCB9E5 /* StandardHomeMovie.swift in Sources */ = {isa = PBXBuildFile; fileRef = EEEF90872846B53B00DCB9E5 /* StandardHomeMovie.swift */; };
		EEEF908D2846B5D900DCB9E5 /* GlobalHelpers.swift in Sources */ = {isa = PBXBuildFile; fileRef = EEEF908C2846B5D900DCB9E5 /* GlobalHelpers.swift */; };
/* End PBXBuildFile section */

/* Begin PBXFileReference section */
		EEEF906F2846B07E00DCB9E5 /* netflix.app */ = {isa = PBXFileReference; explicitFileType = wrapper.application; includeInIndex = 0; path = netflix.app; sourceTree = BUILT_PRODUCTS_DIR; };
		EEEF90722846B07E00DCB9E5 /* netflixApp.swift */ = {isa = PBXFileReference; lastKnownFileType = sourcecode.swift; path = netflixApp.swift; sourceTree = "<group>"; };
		EEEF90742846B07E00DCB9E5 /* ContentView.swift */ = {isa = PBXFileReference; lastKnownFileType = sourcecode.swift; path = ContentView.swift; sourceTree = "<group>"; };
		EEEF90762846B08000DCB9E5 /* Assets.xcassets */ = {isa = PBXFileReference; lastKnownFileType = folder.assetcatalog; path = Assets.xcassets; sourceTree = "<group>"; };
		EEEF90792846B08000DCB9E5 /* Preview Assets.xcassets */ = {isa = PBXFileReference; lastKnownFileType = folder.assetcatalog; path = "Preview Assets.xcassets"; sourceTree = "<group>"; };
		EEEF90802846B2D500DCB9E5 /* HomeView.swift */ = {isa = PBXFileReference; lastKnownFileType = sourcecode.swift; path = HomeView.swift; sourceTree = "<group>"; };
		EEEF90852846B4ED00DCB9E5 /* Movie.swift */ = {isa = PBXFileReference; lastKnownFileType = sourcecode.swift; path = Movie.swift; sourceTree = "<group>"; };
		EEEF90872846B53B00DCB9E5 /* StandardHomeMovie.swift */ = {isa = PBXFileReference; lastKnownFileType = sourcecode.swift; path = StandardHomeMovie.swift; sourceTree = "<group>"; };
		EEEF908C2846B5D900DCB9E5 /* GlobalHelpers.swift */ = {isa = PBXFileReference; lastKnownFileType = sourcecode.swift; path = GlobalHelpers.swift; sourceTree = "<group>"; };
/* End PBXFileReference section */

/* Begin PBXFrameworksBuildPhase section */
		EEEF906C2846B07E00DCB9E5 /* Frameworks */ = {
			isa = PBXFrameworksBuildPhase;
			buildActionMask = 2147483647;
			files = (
				EEEF90842846B3CA00DCB9E5 /* Kingfisher in Frameworks */,
			);
			runOnlyForDeploymentPostprocessing = 0;
		};
/* End PBXFrameworksBuildPhase section */

/* Begin PBXGroup section */
		EEEF90662846B07E00DCB9E5 = {
			isa = PBXGroup;
			children = (
				EEEF90712846B07E00DCB9E5 /* netflix */,
				EEEF90702846B07E00DCB9E5 /* Products */,
			);
			sourceTree = "<group>";
		};
		EEEF90702846B07E00DCB9E5 /* Products */ = {
			isa = PBXGroup;
			children = (
				EEEF906F2846B07E00DCB9E5 /* netflix.app */,
			);
			name = Products;
			sourceTree = "<group>";
		};
		EEEF90712846B07E00DCB9E5 /* netflix */ = {
			isa = PBXGroup;
			children = (
				EEEF908C2846B5D900DCB9E5 /* GlobalHelpers.swift */,
				EEEF908A2846B5A300DCB9E5 /* Model */,
				EEEF90892846B59400DCB9E5 /* Views */,
				EEEF908B2846B5AC00DCB9E5 /* ViewModels */,
				EEEF90722846B07E00DCB9E5 /* netflixApp.swift */,
				EEEF90762846B08000DCB9E5 /* Assets.xcassets */,
				EEEF90782846B08000DCB9E5 /* Preview Content */,
			);
			path = netflix;
			sourceTree = "<group>";
		};
		EEEF90782846B08000DCB9E5 /* Preview Content */ = {
			isa = PBXGroup;
			children = (
				EEEF90792846B08000DCB9E5 /* Preview Assets.xcassets */,
			);
			path = "Preview Content";
			sourceTree = "<group>";
		};
		EEEF90892846B59400DCB9E5 /* Views */ = {
			isa = PBXGroup;
			children = (
				EEEF90742846B07E00DCB9E5 /* ContentView.swift */,
				EEEF90802846B2D500DCB9E5 /* HomeView.swift */,
				EEEF90872846B53B00DCB9E5 /* StandardHomeMovie.swift */,
			);
			path = Views;
			sourceTree = "<group>";
		};
		EEEF908A2846B5A300DCB9E5 /* Model */ = {
			isa = PBXGroup;
			children = (
				EEEF90852846B4ED00DCB9E5 /* Movie.swift */,
			);
			path = Model;
			sourceTree = "<group>";
		};
		EEEF908B2846B5AC00DCB9E5 /* ViewModels */ = {
			isa = PBXGroup;
			children = (
			);
			path = ViewModels;
			sourceTree = "<group>";
		};
/* End PBXGroup section */

/* Begin PBXNativeTarget section */
		EEEF906E2846B07E00DCB9E5 /* netflix */ = {
			isa = PBXNativeTarget;
			buildConfigurationList = EEEF907D2846B08000DCB9E5 /* Build configuration list for PBXNativeTarget "netflix" */;
			buildPhases = (
				EEEF906B2846B07E00DCB9E5 /* Sources */,
				EEEF906C2846B07E00DCB9E5 /* Frameworks */,
				EEEF906D2846B07E00DCB9E5 /* Resources */,
			);
			buildRules = (
			);
			dependencies = (
			);
			name = netflix;
			packageProductDependencies = (
				EEEF90832846B3CA00DCB9E5 /* Kingfisher */,
			);
			productName = netflix;
			productReference = EEEF906F2846B07E00DCB9E5 /* netflix.app */;
			productType = "com.apple.product-type.application";
		};
/* End PBXNativeTarget section */

/* Begin PBXProject section */
		EEEF90672846B07E00DCB9E5 /* Project object */ = {
			isa = PBXProject;
			attributes = {
				BuildIndependentTargetsInParallel = 1;
				LastSwiftUpdateCheck = 1340;
				LastUpgradeCheck = 1340;
				TargetAttributes = {
					EEEF906E2846B07E00DCB9E5 = {
						CreatedOnToolsVersion = 13.4;
					};
				};
			};
			buildConfigurationList = EEEF906A2846B07E00DCB9E5 /* Build configuration list for PBXProject "netflix" */;
			compatibilityVersion = "Xcode 13.0";
			developmentRegion = en;
			hasScannedForEncodings = 0;
			knownRegions = (
				en,
				Base,
			);
			mainGroup = EEEF90662846B07E00DCB9E5;
			packageReferences = (
				EEEF90822846B3CA00DCB9E5 /* XCRemoteSwiftPackageReference "kingfisher" */,
			);
			productRefGroup = EEEF90702846B07E00DCB9E5 /* Products */;
			projectDirPath = "";
			projectRoot = "";
			targets = (
				EEEF906E2846B07E00DCB9E5 /* netflix */,
			);
		};
/* End PBXProject section */

/* Begin PBXResourcesBuildPhase section */
		EEEF906D2846B07E00DCB9E5 /* Resources */ = {
			isa = PBXResourcesBuildPhase;
			buildActionMask = 2147483647;
			files = (
				EEEF907A2846B08000DCB9E5 /* Preview Assets.xcassets in Resources */,
				EEEF90772846B08000DCB9E5 /* Assets.xcassets in Resources */,
			);
			runOnlyForDeploymentPostprocessing = 0;
		};
/* End PBXResourcesBuildPhase section */

/* Begin PBXSourcesBuildPhase section */
		EEEF906B2846B07E00DCB9E5 /* Sources */ = {
			isa = PBXSourcesBuildPhase;
			buildActionMask = 2147483647;
			files = (
				EEEF908D2846B5D900DCB9E5 /* GlobalHelpers.swift in Sources */,
				EEEF90812846B2D500DCB9E5 /* HomeView.swift in Sources */,
				EEEF90752846B07E00DCB9E5 /* ContentView.swift in Sources */,
				EEEF90882846B53B00DCB9E5 /* StandardHomeMovie.swift in Sources */,
				EEEF90862846B4ED00DCB9E5 /* Movie.swift in Sources */,
				EEEF90732846B07E00DCB9E5 /* netflixApp.swift in Sources */,
			);
			runOnlyForDeploymentPostprocessing = 0;
		};
/* End PBXSourcesBuildPhase section */

/* Begin XCBuildConfiguration section */
		EEEF907B2846B08000DCB9E5 /* Debug */ = {
			isa = XCBuildConfiguration;
			buildSettings = {
				ALWAYS_SEARCH_USER_PATHS = NO;
				CLANG_ANALYZER_NONNULL = YES;
				CLANG_ANALYZER_NUMBER_OBJECT_CONVERSION = YES_AGGRESSIVE;
				CLANG_CXX_LANGUAGE_STANDARD = "gnu++17";
				CLANG_ENABLE_MODULES = YES;
				CLANG_ENABLE_OBJC_ARC = YES;
				CLANG_ENABLE_OBJC_WEAK = YES;
				CLANG_WARN_BLOCK_CAPTURE_AUTORELEASING = YES;
				CLANG_WARN_BOOL_CONVERSION = YES;
				CLANG_WARN_COMMA = YES;
				CLANG_WARN_CONSTANT_CONVERSION = YES;
				CLANG_WARN_DEPRECATED_OBJC_IMPLEMENTATIONS = YES;
				CLANG_WARN_DIRECT_OBJC_ISA_USAGE = YES_ERROR;
				CLANG_WARN_DOCUMENTATION_COMMENTS = YES;
				CLANG_WARN_EMPTY_BODY = YES;
				CLANG_WARN_ENUM_CONVERSION = YES;
				CLANG_WARN_INFINITE_RECURSION = YES;
				CLANG_WARN_INT_CONVERSION = YES;
				CLANG_WARN_NON_LITERAL_NULL_CONVERSION = YES;
				CLANG_WARN_OBJC_IMPLICIT_RETAIN_SELF = YES;
				CLANG_WARN_OBJC_LITERAL_CONVERSION = YES;
				CLANG_WARN_OBJC_ROOT_CLASS = YES_ERROR;
				CLANG_WARN_QUOTED_INCLUDE_IN_FRAMEWORK_HEADER = YES;
				CLANG_WARN_RANGE_LOOP_ANALYSIS = YES;
				CLANG_WARN_STRICT_PROTOTYPES = YES;
				CLANG_WARN_SUSPICIOUS_MOVE = YES;
				CLANG_WARN_UNGUARDED_AVAILABILITY = YES_AGGRESSIVE;
				CLANG_WARN_UNREACHABLE_CODE = YES;
				CLANG_WARN__DUPLICATE_METHOD_MATCH = YES;
				COPY_PHASE_STRIP = NO;
				DEBUG_INFORMATION_FORMAT = dwarf;
				ENABLE_STRICT_OBJC_MSGSEND = YES;
				ENABLE_TESTABILITY = YES;
				GCC_C_LANGUAGE_STANDARD = gnu11;
				GCC_DYNAMIC_NO_PIC = NO;
				GCC_NO_COMMON_BLOCKS = YES;
				GCC_OPTIMIZATION_LEVEL = 0;
				GCC_PREPROCESSOR_DEFINITIONS = (
					"DEBUG=1",
					"$(inherited)",
				);
				GCC_WARN_64_TO_32_BIT_CONVERSION = YES;
				GCC_WARN_ABOUT_RETURN_TYPE = YES_ERROR;
				GCC_WARN_UNDECLARED_SELECTOR = YES;
				GCC_WARN_UNINITIALIZED_AUTOS = YES_AGGRESSIVE;
				GCC_WARN_UNUSED_FUNCTION = YES;
				GCC_WARN_UNUSED_VARIABLE = YES;
				IPHONEOS_DEPLOYMENT_TARGET = 15.5;
				MTL_ENABLE_DEBUG_INFO = INCLUDE_SOURCE;
				MTL_FAST_MATH = YES;
				ONLY_ACTIVE_ARCH = YES;
				SDKROOT = iphoneos;
				SWIFT_ACTIVE_COMPILATION_CONDITIONS = DEBUG;
				SWIFT_OPTIMIZATION_LEVEL = "-Onone";
			};
			name = Debug;
		};
		EEEF907C2846B08000DCB9E5 /* Release */ = {
			isa = XCBuildConfiguration;
			buildSettings = {
				ALWAYS_SEARCH_USER_PATHS = NO;
				CLANG_ANALYZER_NONNULL = YES;
				CLANG_ANALYZER_NUMBER_OBJECT_CONVERSION = YES_AGGRESSIVE;
				CLANG_CXX_LANGUAGE_STANDARD = "gnu++17";
				CLANG_ENABLE_MODULES = YES;
				CLANG_ENABLE_OBJC_ARC = YES;
				CLANG_ENABLE_OBJC_WEAK = YES;
				CLANG_WARN_BLOCK_CAPTURE_AUTORELEASING = YES;
				CLANG_WARN_BOOL_CONVERSION = YES;
				CLANG_WARN_COMMA = YES;
				CLANG_WARN_CONSTANT_CONVERSION = YES;
				CLANG_WARN_DEPRECATED_OBJC_IMPLEMENTATIONS = YES;
				CLANG_WARN_DIRECT_OBJC_ISA_USAGE = YES_ERROR;
				CLANG_WARN_DOCUMENTATION_COMMENTS = YES;
				CLANG_WARN_EMPTY_BODY = YES;
				CLANG_WARN_ENUM_CONVERSION = YES;
				CLANG_WARN_INFINITE_RECURSION = YES;
				CLANG_WARN_INT_CONVERSION = YES;
				CLANG_WARN_NON_LITERAL_NULL_CONVERSION = YES;
				CLANG_WARN_OBJC_IMPLICIT_RETAIN_SELF = YES;
				CLANG_WARN_OBJC_LITERAL_CONVERSION = YES;
				CLANG_WARN_OBJC_ROOT_CLASS = YES_ERROR;
				CLANG_WARN_QUOTED_INCLUDE_IN_FRAMEWORK_HEADER = YES;
				CLANG_WARN_RANGE_LOOP_ANALYSIS = YES;
				CLANG_WARN_STRICT_PROTOTYPES = YES;
				CLANG_WARN_SUSPICIOUS_MOVE = YES;
				CLANG_WARN_UNGUARDED_AVAILABILITY = YES_AGGRESSIVE;
				CLANG_WARN_UNREACHABLE_CODE = YES;
				CLANG_WARN__DUPLICATE_METHOD_MATCH = YES;
				COPY_PHASE_STRIP = NO;
				DEBUG_INFORMATION_FORMAT = "dwarf-with-dsym";
				ENABLE_NS_ASSERTIONS = NO;
				ENABLE_STRICT_OBJC_MSGSEND = YES;
				GCC_C_LANGUAGE_STANDARD = gnu11;
				GCC_NO_COMMON_BLOCKS = YES;
				GCC_WARN_64_TO_32_BIT_CONVERSION = YES;
				GCC_WARN_ABOUT_RETURN_TYPE = YES_ERROR;
				GCC_WARN_UNDECLARED_SELECTOR = YES;
				GCC_WARN_UNINITIALIZED_AUTOS = YES_AGGRESSIVE;
				GCC_WARN_UNUSED_FUNCTION = YES;
				GCC_WARN_UNUSED_VARIABLE = YES;
				IPHONEOS_DEPLOYMENT_TARGET = 15.5;
				MTL_ENABLE_DEBUG_INFO = NO;
				MTL_FAST_MATH = YES;
				SDKROOT = iphoneos;
				SWIFT_COMPILATION_MODE = wholemodule;
				SWIFT_OPTIMIZATION_LEVEL = "-O";
				VALIDATE_PRODUCT = YES;
			};
			name = Release;
		};
		EEEF907E2846B08000DCB9E5 /* Debug */ = {
			isa = XCBuildConfiguration;
			buildSettings = {
				ASSETCATALOG_COMPILER_APPICON_NAME = AppIcon;
				ASSETCATALOG_COMPILER_GLOBAL_ACCENT_COLOR_NAME = AccentColor;
				CODE_SIGN_STYLE = Automatic;
				CURRENT_PROJECT_VERSION = 1;
				DEVELOPMENT_ASSET_PATHS = "\"netflix/Preview Content\"";
				DEVELOPMENT_TEAM = R5955V6BN9;
				ENABLE_PREVIEWS = YES;
				GENERATE_INFOPLIST_FILE = YES;
				INFOPLIST_KEY_UIApplicationSceneManifest_Generation = YES;
				INFOPLIST_KEY_UIApplicationSupportsIndirectInputEvents = YES;
				INFOPLIST_KEY_UILaunchScreen_Generation = YES;
				INFOPLIST_KEY_UISupportedInterfaceOrientations_iPad = "UIInterfaceOrientationPortrait UIInterfaceOrientationPortraitUpsideDown UIInterfaceOrientationLandscapeLeft UIInterfaceOrientationLandscapeRight";
				INFOPLIST_KEY_UISupportedInterfaceOrientations_iPhone = "UIInterfaceOrientationPortrait UIInterfaceOrientationLandscapeLeft UIInterfaceOrientationLandscapeRight";
				LD_RUNPATH_SEARCH_PATHS = (
					"$(inherited)",
					"@executable_path/Frameworks",
				);
				MARKETING_VERSION = 1.0;
				PRODUCT_BUNDLE_IDENTIFIER = com.campuscoach.netflix;
				PRODUCT_NAME = "$(TARGET_NAME)";
				SWIFT_EMIT_LOC_STRINGS = YES;
				SWIFT_VERSION = 5.0;
				TARGETED_DEVICE_FAMILY = "1,2";
			};
			name = Debug;
		};
		EEEF907F2846B08000DCB9E5 /* Release */ = {
			isa = XCBuildConfiguration;
			buildSettings = {
				ASSETCATALOG_COMPILER_APPICON_NAME = AppIcon;
				ASSETCATALOG_COMPILER_GLOBAL_ACCENT_COLOR_NAME = AccentColor;
				CODE_SIGN_STYLE = Automatic;
				CURRENT_PROJECT_VERSION = 1;
				DEVELOPMENT_ASSET_PATHS = "\"netflix/Preview Content\"";
				DEVELOPMENT_TEAM = R5955V6BN9;
				ENABLE_PREVIEWS = YES;
				GENERATE_INFOPLIST_FILE = YES;
				INFOPLIST_KEY_UIApplicationSceneManifest_Generation = YES;
				INFOPLIST_KEY_UIApplicationSupportsIndirectInputEvents = YES;
				INFOPLIST_KEY_UILaunchScreen_Generation = YES;
				INFOPLIST_KEY_UISupportedInterfaceOrientations_iPad = "UIInterfaceOrientationPortrait UIInterfaceOrientationPortraitUpsideDown UIInterfaceOrientationLandscapeLeft UIInterfaceOrientationLandscapeRight";
				INFOPLIST_KEY_UISupportedInterfaceOrientations_iPhone = "UIInterfaceOrientationPortrait UIInterfaceOrientationLandscapeLeft UIInterfaceOrientationLandscapeRight";
				LD_RUNPATH_SEARCH_PATHS = (
					"$(inherited)",
					"@executable_path/Frameworks",
				);
				MARKETING_VERSION = 1.0;
				PRODUCT_BUNDLE_IDENTIFIER = com.campuscoach.netflix;
				PRODUCT_NAME = "$(TARGET_NAME)";
				SWIFT_EMIT_LOC_STRINGS = YES;
				SWIFT_VERSION = 5.0;
				TARGETED_DEVICE_FAMILY = "1,2";
			};
			name = Release;
		};
/* End XCBuildConfiguration section */

/* Begin XCConfigurationList section */
		EEEF906A2846B07E00DCB9E5 /* Build configuration list for PBXProject "netflix" */ = {
			isa = XCConfigurationList;
			buildConfigurations = (
				EEEF907B2846B08000DCB9E5 /* Debug */,
				EEEF907C2846B08000DCB9E5 /* Release */,
			);
			defaultConfigurationIsVisible = 0;
			defaultConfigurationName = Release;
		};
		EEEF907D2846B08000DCB9E5 /* Build configuration list for PBXNativeTarget "netflix" */ = {
			isa = XCConfigurationList;
			buildConfigurations = (
				EEEF907E2846B08000DCB9E5 /* Debug */,
				EEEF907F2846B08000DCB9E5 /* Release */,
			);
			defaultConfigurationIsVisible = 0;
			defaultConfigurationName = Release;
		};
/* End XCConfigurationList section */

/* Begin XCRemoteSwiftPackageReference section */
		EEEF90822846B3CA00DCB9E5 /* XCRemoteSwiftPackageReference "kingfisher" */ = {
			isa = XCRemoteSwiftPackageReference;
			repositoryURL = "https://github.com/onevcat/kingfisher";
			requirement = {
				kind = upToNextMajorVersion;
				minimumVersion = 7.0.0;
			};
		};
/* End XCRemoteSwiftPackageReference section */

/* Begin XCSwiftPackageProductDependency section */
		EEEF90832846B3CA00DCB9E5 /* Kingfisher */ = {
			isa = XCSwiftPackageProductDependency;
			package = EEEF90822846B3CA00DCB9E5 /* XCRemoteSwiftPackageReference "kingfisher" */;
			productName = Kingfisher;
		};
/* End XCSwiftPackageProductDependency section */
	};
	rootObject = EEEF90672846B07E00DCB9E5 /* Project object */;
}
